
Microsoft Visual Studio Solution File, Format Version 12.00
# Visual Studio 15
VisualStudioVersion = 15.0.27130.2027
MinimumVisualStudioVersion = 10.0.40219.1
Project("{FAE04EC0-301F-11D3-BF4B-00C04F79EFBC}") = "WebApp", "WebApp\WebApp.csproj", "{EA6C01F8-F35A-4B62-A525-C519B7B28B46}"
EndProject
Global
	GlobalSection(SolutionConfigurationPlatforms) = preSolution
		Debug|Any CPU = Debug|Any CPU
		Release|Any CPU = Release|Any CPU
	EndGlobalSection
	GlobalSection(ProjectConfigurationPlatforms) = postSolution
		{EA6C01F8-F35A-4B62-A525-C519B7B28B46}.Debug|Any CPU.ActiveCfg = Debug|Any CPU
		{EA6C01F8-F35A-4B62-A525-C519B7B28B46}.Debug|Any CPU.Build.0 = Debug|Any CPU
		{EA6C01F8-F35A-4B62-A525-C519B7B28B46}.Release|Any CPU.ActiveCfg = Release|Any CPU
		{EA6C01F8-F35A-4B62-A525-C519B7B28B46}.Release|Any CPU.Build.0 = Release|Any CPU
	EndGlobalSection
	GlobalSection(SolutionProperties) = preSolution
		HideSolutionNode = FALSE
	EndGlobalSection
	GlobalSection(ExtensibilityGlobals) = postSolution
		SolutionGuid = {A4F87379-7586-40CC-B5AB-A9C7AB0BAA89}
	EndGlobalSection
EndGlobal
